
Microsoft Visual Studio Solution File, Format Version 12.00
# Visual Studio Version 17
VisualStudioVersion = 17.4.33213.308
MinimumVisualStudioVersion = 10.0.40219.1
Project("{FAE04EC0-301F-11D3-BF4B-00C04F79EFBC}") = "ClientProject", "ClientProject\ClientProject.csproj", "{81BA8690-13C3-4213-898C-5FB50308D94E}"
EndProject
Global
	GlobalSection(SolutionConfigurationPlatforms) = preSolution
		Debug|Any CPU = Debug|Any CPU
		Release|Any CPU = Release|Any CPU
	EndGlobalSection
	GlobalSection(ProjectConfigurationPlatforms) = postSolution
		{81BA8690-13C3-4213-898C-5FB50308D94E}.Debug|Any CPU.ActiveCfg = Debug|Any CPU
		{81BA8690-13C3-4213-898C-5FB50308D94E}.Debug|Any CPU.Build.0 = Debug|Any CPU
		{81BA8690-13C3-4213-898C-5FB50308D94E}.Release|Any CPU.ActiveCfg = Release|Any CPU
		{81BA8690-13C3-4213-898C-5FB50308D94E}.Release|Any CPU.Build.0 = Release|Any CPU
	EndGlobalSection
	GlobalSection(SolutionProperties) = preSolution
		HideSolutionNode = FALSE
	EndGlobalSection
	GlobalSection(ExtensibilityGlobals) = postSolution
		SolutionGuid = {2D06D7C7-53B9-4BD5-9C86-5799A32978F6}
	EndGlobalSection
EndGlobal
